// !$*UTF8*$!
{
	archiveVersion = 1;
	classes = {
	};
	objectVersion = 46;
	objects = {

/* Begin PBXBuildFile section */
		B208FCB01A02C7FD005EBA3C /* UIButton+Bootstrap.m in Sources */ = {isa = PBXBuildFile; fileRef = B208FCAE1A02C7FD005EBA3C /* UIButton+Bootstrap.m */; };
		B208FCB91A02C935005EBA3C /* FontAwesome.ttf in Resources */ = {isa = PBXBuildFile; fileRef = B208FCB61A02C935005EBA3C /* FontAwesome.ttf */; };
		B208FCBA1A02C935005EBA3C /* NSString+FontAwesome.m in Sources */ = {isa = PBXBuildFile; fileRef = B208FCB81A02C935005EBA3C /* NSString+FontAwesome.m */; };
		B2795BEF1A10B29500B7088D /* SWRevealViewController.m in Sources */ = {isa = PBXBuildFile; fileRef = B2795BEE1A10B29500B7088D /* SWRevealViewController.m */; };
		B2795BF11A10B41000B7088D /* iphone.storyboard in Resources */ = {isa = PBXBuildFile; fileRef = B2795BF01A10B41000B7088D /* iphone.storyboard */; };
		B2795BF31A10B41A00B7088D /* ipad.storyboard in Resources */ = {isa = PBXBuildFile; fileRef = B2795BF21A10B41A00B7088D /* ipad.storyboard */; };
		B2941ABD1A06DA7000356174 /* Fonts.swift in Sources */ = {isa = PBXBuildFile; fileRef = B2941ABC1A06DA7000356174 /* Fonts.swift */; };
		B29A77E71A1829C100812EE7 /* Fonts.swift in Sources */ = {isa = PBXBuildFile; fileRef = B2941ABC1A06DA7000356174 /* Fonts.swift */; };
		B2A7C5C01A10C38A0003C808 /* UIKit.framework in Frameworks */ = {isa = PBXBuildFile; fileRef = B2A7C5BF1A10C38A0003C808 /* UIKit.framework */; };
		B2A7C5C21A10C3930003C808 /* Foundation.framework in Frameworks */ = {isa = PBXBuildFile; fileRef = B2A7C5C11A10C3930003C808 /* Foundation.framework */; };
		B2A7C5C41A10C3980003C808 /* CoreGraphics.framework in Frameworks */ = {isa = PBXBuildFile; fileRef = B2A7C5C31A10C3980003C808 /* CoreGraphics.framework */; };
		B2A7C5C61A10C90B0003C808 /* MainViewController.swift in Sources */ = {isa = PBXBuildFile; fileRef = B2A7C5C51A10C90B0003C808 /* MainViewController.swift */; };
		B2B481FE1A17A5F400BFFCB2 /* ic_menu_black_24dp@2x.png in Resources */ = {isa = PBXBuildFile; fileRef = B2B481FD1A17A5F400BFFCB2 /* ic_menu_black_24dp@2x.png */; };
		B2B482001A17A60300BFFCB2 /* ic_menu_black_24dp.png in Resources */ = {isa = PBXBuildFile; fileRef = B2B481FF1A17A60300BFFCB2 /* ic_menu_black_24dp.png */; };
		B2B482041A17AA7B00BFFCB2 /* CustomNavigationBar.m in Sources */ = {isa = PBXBuildFile; fileRef = B2B482031A17AA7B00BFFCB2 /* CustomNavigationBar.m */; };
		B2B482061A180EF100BFFCB2 /* Roboto-Regular.ttf in Resources */ = {isa = PBXBuildFile; fileRef = B2B482051A180EF100BFFCB2 /* Roboto-Regular.ttf */; };
		B2B482081A180FD800BFFCB2 /* Roboto-Medium.ttf in Resources */ = {isa = PBXBuildFile; fileRef = B2B482071A180FD800BFFCB2 /* Roboto-Medium.ttf */; };
		B2B4820A1A1814F600BFFCB2 /* SideMenuTableViewController.swift in Sources */ = {isa = PBXBuildFile; fileRef = B2B482091A1814F600BFFCB2 /* SideMenuTableViewController.swift */; };
		B2B4820C1A181FC900BFFCB2 /* InstallationViewController.swift in Sources */ = {isa = PBXBuildFile; fileRef = B2B4820B1A181FC900BFFCB2 /* InstallationViewController.swift */; };
		B2B4820E1A1826F100BFFCB2 /* FontsTableViewController.swift in Sources */ = {isa = PBXBuildFile; fileRef = B2B4820D1A1826F100BFFCB2 /* FontsTableViewController.swift */; };
		B2D5FE3B1A01DA51004FEEE5 /* AppDelegate.swift in Sources */ = {isa = PBXBuildFile; fileRef = B2D5FE3A1A01DA51004FEEE5 /* AppDelegate.swift */; };
		B2D5FE3D1A01DA51004FEEE5 /* ViewController.swift in Sources */ = {isa = PBXBuildFile; fileRef = B2D5FE3C1A01DA51004FEEE5 /* ViewController.swift */; };
		B2D5FE421A01DA51004FEEE5 /* Images.xcassets in Resources */ = {isa = PBXBuildFile; fileRef = B2D5FE411A01DA51004FEEE5 /* Images.xcassets */; };
		B2D5FE451A01DA51004FEEE5 /* LaunchScreen.xib in Resources */ = {isa = PBXBuildFile; fileRef = B2D5FE431A01DA51004FEEE5 /* LaunchScreen.xib */; };
		B2D5FE511A01DA51004FEEE5 /* Cool_KeyboardTests.swift in Sources */ = {isa = PBXBuildFile; fileRef = B2D5FE501A01DA51004FEEE5 /* Cool_KeyboardTests.swift */; };
		B2D5FE631A01DA5D004FEEE5 /* KeyboardViewController.swift in Sources */ = {isa = PBXBuildFile; fileRef = B2D5FE621A01DA5D004FEEE5 /* KeyboardViewController.swift */; };
		B2D5FE661A01DA5D004FEEE5 /* Keyboard.appex in Embed App Extensions */ = {isa = PBXBuildFile; fileRef = B2D5FE5E1A01DA5D004FEEE5 /* Keyboard.appex */; settings = {ATTRIBUTES = (RemoveHeadersOnCopy, ); }; };
/* End PBXBuildFile section */

/* Begin PBXContainerItemProxy section */
		B2D5FE4B1A01DA51004FEEE5 /* PBXContainerItemProxy */ = {
			isa = PBXContainerItemProxy;
			containerPortal = B2D5FE2D1A01DA51004FEEE5 /* Project object */;
			proxyType = 1;
			remoteGlobalIDString = B2D5FE341A01DA51004FEEE5;
			remoteInfo = "Cool Keyboard";
		};
		B2D5FE641A01DA5D004FEEE5 /* PBXContainerItemProxy */ = {
			isa = PBXContainerItemProxy;
			containerPortal = B2D5FE2D1A01DA51004FEEE5 /* Project object */;
			proxyType = 1;
			remoteGlobalIDString = B2D5FE5D1A01DA5D004FEEE5;
			remoteInfo = Keyboard;
		};
/* End PBXContainerItemProxy section */

/* Begin PBXCopyFilesBuildPhase section */
		B2D5FE6A1A01DA5D004FEEE5 /* Embed App Extensions */ = {
			isa = PBXCopyFilesBuildPhase;
			buildActionMask = 2147483647;
			dstPath = "";
			dstSubfolderSpec = 13;
			files = (
				B2D5FE661A01DA5D004FEEE5 /* Keyboard.appex in Embed App Extensions */,
			);
			name = "Embed App Extensions";
			runOnlyForDeploymentPostprocessing = 0;
		};
/* End PBXCopyFilesBuildPhase section */

/* Begin PBXFileReference section */
		B208FCAA1A02C7FD005EBA3C /* Keyboard-Bridging-Header.h */ = {isa = PBXFileReference; lastKnownFileType = sourcecode.c.h; path = "Keyboard-Bridging-Header.h"; sourceTree = "<group>"; };
		B208FCAD1A02C7FD005EBA3C /* UIButton+Bootstrap.h */ = {isa = PBXFileReference; fileEncoding = 4; lastKnownFileType = sourcecode.c.h; path = "UIButton+Bootstrap.h"; sourceTree = "<group>"; };
		B208FCAE1A02C7FD005EBA3C /* UIButton+Bootstrap.m */ = {isa = PBXFileReference; fileEncoding = 4; lastKnownFileType = sourcecode.c.objc; path = "UIButton+Bootstrap.m"; sourceTree = "<group>"; };
		B208FCB61A02C935005EBA3C /* FontAwesome.ttf */ = {isa = PBXFileReference; lastKnownFileType = file; path = FontAwesome.ttf; sourceTree = "<group>"; };
		B208FCB71A02C935005EBA3C /* NSString+FontAwesome.h */ = {isa = PBXFileReference; fileEncoding = 4; lastKnownFileType = sourcecode.c.h; path = "NSString+FontAwesome.h"; sourceTree = "<group>"; };
		B208FCB81A02C935005EBA3C /* NSString+FontAwesome.m */ = {isa = PBXFileReference; fileEncoding = 4; lastKnownFileType = sourcecode.c.objc; path = "NSString+FontAwesome.m"; sourceTree = "<group>"; };
		B2795BED1A10B29500B7088D /* SWRevealViewController.h */ = {isa = PBXFileReference; fileEncoding = 4; lastKnownFileType = sourcecode.c.h; path = SWRevealViewController.h; sourceTree = "<group>"; };
		B2795BEE1A10B29500B7088D /* SWRevealViewController.m */ = {isa = PBXFileReference; fileEncoding = 4; lastKnownFileType = sourcecode.c.objc; path = SWRevealViewController.m; sourceTree = "<group>"; };
		B2795BF01A10B41000B7088D /* iphone.storyboard */ = {isa = PBXFileReference; fileEncoding = 4; lastKnownFileType = file.storyboard; path = iphone.storyboard; sourceTree = "<group>"; };
		B2795BF21A10B41A00B7088D /* ipad.storyboard */ = {isa = PBXFileReference; fileEncoding = 4; lastKnownFileType = file.storyboard; path = ipad.storyboard; sourceTree = "<group>"; };
		B2941ABC1A06DA7000356174 /* Fonts.swift */ = {isa = PBXFileReference; fileEncoding = 4; lastKnownFileType = sourcecode.swift; path = Fonts.swift; sourceTree = "<group>"; };
		B2A7C5BF1A10C38A0003C808 /* UIKit.framework */ = {isa = PBXFileReference; lastKnownFileType = wrapper.framework; name = UIKit.framework; path = System/Library/Frameworks/UIKit.framework; sourceTree = SDKROOT; };
		B2A7C5C11A10C3930003C808 /* Foundation.framework */ = {isa = PBXFileReference; lastKnownFileType = wrapper.framework; name = Foundation.framework; path = System/Library/Frameworks/Foundation.framework; sourceTree = SDKROOT; };
		B2A7C5C31A10C3980003C808 /* CoreGraphics.framework */ = {isa = PBXFileReference; lastKnownFileType = wrapper.framework; name = CoreGraphics.framework; path = System/Library/Frameworks/CoreGraphics.framework; sourceTree = SDKROOT; };
		B2A7C5C51A10C90B0003C808 /* MainViewController.swift */ = {isa = PBXFileReference; fileEncoding = 4; lastKnownFileType = sourcecode.swift; path = MainViewController.swift; sourceTree = "<group>"; };
		B2B481FD1A17A5F400BFFCB2 /* ic_menu_black_24dp@2x.png */ = {isa = PBXFileReference; lastKnownFileType = image.png; path = "ic_menu_black_24dp@2x.png"; sourceTree = "<group>"; };
		B2B481FF1A17A60300BFFCB2 /* ic_menu_black_24dp.png */ = {isa = PBXFileReference; lastKnownFileType = image.png; path = ic_menu_black_24dp.png; sourceTree = "<group>"; };
		B2B482021A17AA7B00BFFCB2 /* CustomNavigationBar.h */ = {isa = PBXFileReference; fileEncoding = 4; lastKnownFileType = sourcecode.c.h; path = CustomNavigationBar.h; sourceTree = "<group>"; };
		B2B482031A17AA7B00BFFCB2 /* CustomNavigationBar.m */ = {isa = PBXFileReference; fileEncoding = 4; lastKnownFileType = sourcecode.c.objc; path = CustomNavigationBar.m; sourceTree = "<group>"; };
		B2B482051A180EF100BFFCB2 /* Roboto-Regular.ttf */ = {isa = PBXFileReference; lastKnownFileType = file; path = "Roboto-Regular.ttf"; sourceTree = "<group>"; };
		B2B482071A180FD800BFFCB2 /* Roboto-Medium.ttf */ = {isa = PBXFileReference; lastKnownFileType = file; path = "Roboto-Medium.ttf"; sourceTree = "<group>"; };
		B2B482091A1814F600BFFCB2 /* SideMenuTableViewController.swift */ = {isa = PBXFileReference; fileEncoding = 4; lastKnownFileType = sourcecode.swift; path = SideMenuTableViewController.swift; sourceTree = "<group>"; };
		B2B4820B1A181FC900BFFCB2 /* InstallationViewController.swift */ = {isa = PBXFileReference; fileEncoding = 4; lastKnownFileType = sourcecode.swift; path = InstallationViewController.swift; sourceTree = "<group>"; };
		B2B4820D1A1826F100BFFCB2 /* FontsTableViewController.swift */ = {isa = PBXFileReference; fileEncoding = 4; lastKnownFileType = sourcecode.swift; path = FontsTableViewController.swift; sourceTree = "<group>"; };
		B2B9B6E71A179D5600A15B19 /* Settings-Bridging-Header.h */ = {isa = PBXFileReference; fileEncoding = 4; lastKnownFileType = sourcecode.c.h; path = "Settings-Bridging-Header.h"; sourceTree = "<group>"; };
		B2D5FE351A01DA51004FEEE5 /* Cool Keyboard.app */ = {isa = PBXFileReference; explicitFileType = wrapper.application; includeInIndex = 0; path = "Cool Keyboard.app"; sourceTree = BUILT_PRODUCTS_DIR; };
		B2D5FE391A01DA51004FEEE5 /* Info.plist */ = {isa = PBXFileReference; lastKnownFileType = text.plist.xml; path = Info.plist; sourceTree = "<group>"; };
		B2D5FE3A1A01DA51004FEEE5 /* AppDelegate.swift */ = {isa = PBXFileReference; lastKnownFileType = sourcecode.swift; path = AppDelegate.swift; sourceTree = "<group>"; };
		B2D5FE3C1A01DA51004FEEE5 /* ViewController.swift */ = {isa = PBXFileReference; lastKnownFileType = sourcecode.swift; path = ViewController.swift; sourceTree = "<group>"; };
		B2D5FE411A01DA51004FEEE5 /* Images.xcassets */ = {isa = PBXFileReference; lastKnownFileType = folder.assetcatalog; path = Images.xcassets; sourceTree = "<group>"; };
		B2D5FE441A01DA51004FEEE5 /* Base */ = {isa = PBXFileReference; lastKnownFileType = file.xib; name = Base; path = Base.lproj/LaunchScreen.xib; sourceTree = "<group>"; };
		B2D5FE4A1A01DA51004FEEE5 /* Cool KeyboardTests.xctest */ = {isa = PBXFileReference; explicitFileType = wrapper.cfbundle; includeInIndex = 0; path = "Cool KeyboardTests.xctest"; sourceTree = BUILT_PRODUCTS_DIR; };
		B2D5FE4F1A01DA51004FEEE5 /* Info.plist */ = {isa = PBXFileReference; lastKnownFileType = text.plist.xml; path = Info.plist; sourceTree = "<group>"; };
		B2D5FE501A01DA51004FEEE5 /* Cool_KeyboardTests.swift */ = {isa = PBXFileReference; lastKnownFileType = sourcecode.swift; path = Cool_KeyboardTests.swift; sourceTree = "<group>"; };
		B2D5FE5E1A01DA5D004FEEE5 /* Keyboard.appex */ = {isa = PBXFileReference; explicitFileType = "wrapper.app-extension"; includeInIndex = 0; path = Keyboard.appex; sourceTree = BUILT_PRODUCTS_DIR; };
		B2D5FE611A01DA5D004FEEE5 /* Info.plist */ = {isa = PBXFileReference; lastKnownFileType = text.plist.xml; path = Info.plist; sourceTree = "<group>"; };
		B2D5FE621A01DA5D004FEEE5 /* KeyboardViewController.swift */ = {isa = PBXFileReference; lastKnownFileType = sourcecode.swift; path = KeyboardViewController.swift; sourceTree = "<group>"; };
/* End PBXFileReference section */

/* Begin PBXFrameworksBuildPhase section */
		B2D5FE321A01DA51004FEEE5 /* Frameworks */ = {
			isa = PBXFrameworksBuildPhase;
			buildActionMask = 2147483647;
			files = (
				B2A7C5C41A10C3980003C808 /* CoreGraphics.framework in Frameworks */,
				B2A7C5C21A10C3930003C808 /* Foundation.framework in Frameworks */,
				B2A7C5C01A10C38A0003C808 /* UIKit.framework in Frameworks */,
			);
			runOnlyForDeploymentPostprocessing = 0;
		};
		B2D5FE471A01DA51004FEEE5 /* Frameworks */ = {
			isa = PBXFrameworksBuildPhase;
			buildActionMask = 2147483647;
			files = (
			);
			runOnlyForDeploymentPostprocessing = 0;
		};
		B2D5FE5B1A01DA5D004FEEE5 /* Frameworks */ = {
			isa = PBXFrameworksBuildPhase;
			buildActionMask = 2147483647;
			files = (
			);
			runOnlyForDeploymentPostprocessing = 0;
		};
/* End PBXFrameworksBuildPhase section */

/* Begin PBXGroup section */
		B208FC911A01E613005EBA3C /* Resources */ = {
			isa = PBXGroup;
			children = (
			);
			name = Resources;
			sourceTree = "<group>";
		};
		B208FCA91A02C7DC005EBA3C /* bootstrap */ = {
			isa = PBXGroup;
			children = (
				B208FCB61A02C935005EBA3C /* FontAwesome.ttf */,
				B208FCB71A02C935005EBA3C /* NSString+FontAwesome.h */,
				B208FCB81A02C935005EBA3C /* NSString+FontAwesome.m */,
				B208FCAD1A02C7FD005EBA3C /* UIButton+Bootstrap.h */,
				B208FCAE1A02C7FD005EBA3C /* UIButton+Bootstrap.m */,
				B208FCAA1A02C7FD005EBA3C /* Keyboard-Bridging-Header.h */,
			);
			name = bootstrap;
			sourceTree = "<group>";
		};
		B2795BEC1A10B29500B7088D /* SWRevealViewController */ = {
			isa = PBXGroup;
			children = (
				B2795BED1A10B29500B7088D /* SWRevealViewController.h */,
				B2795BEE1A10B29500B7088D /* SWRevealViewController.m */,
			);
			path = SWRevealViewController;
			sourceTree = "<group>";
		};
		B2B481F41A179FE300BFFCB2 /* Resources */ = {
			isa = PBXGroup;
			children = (
				B2B482071A180FD800BFFCB2 /* Roboto-Medium.ttf */,
				B2B482051A180EF100BFFCB2 /* Roboto-Regular.ttf */,
				B2B481FF1A17A60300BFFCB2 /* ic_menu_black_24dp.png */,
				B2B481FD1A17A5F400BFFCB2 /* ic_menu_black_24dp@2x.png */,
			);
			name = Resources;
			sourceTree = "<group>";
		};
		B2B482011A17AA7100BFFCB2 /* NavBar */ = {
			isa = PBXGroup;
			children = (
				B2B482021A17AA7B00BFFCB2 /* CustomNavigationBar.h */,
				B2B482031A17AA7B00BFFCB2 /* CustomNavigationBar.m */,
			);
			name = NavBar;
			sourceTree = "<group>";
		};
		B2D5FE2C1A01DA51004FEEE5 = {
			isa = PBXGroup;
			children = (
				B2A7C5C31A10C3980003C808 /* CoreGraphics.framework */,
				B2A7C5C11A10C3930003C808 /* Foundation.framework */,
				B2A7C5BF1A10C38A0003C808 /* UIKit.framework */,
				B2D5FE371A01DA51004FEEE5 /* Cool Keyboard */,
				B2D5FE4D1A01DA51004FEEE5 /* Cool KeyboardTests */,
				B2D5FE5F1A01DA5D004FEEE5 /* Keyboard */,
				B2D5FE361A01DA51004FEEE5 /* Products */,
			);
			sourceTree = "<group>";
		};
		B2D5FE361A01DA51004FEEE5 /* Products */ = {
			isa = PBXGroup;
			children = (
				B2D5FE351A01DA51004FEEE5 /* Cool Keyboard.app */,
				B2D5FE4A1A01DA51004FEEE5 /* Cool KeyboardTests.xctest */,
				B2D5FE5E1A01DA5D004FEEE5 /* Keyboard.appex */,
			);
			name = Products;
			sourceTree = "<group>";
		};
		B2D5FE371A01DA51004FEEE5 /* Cool Keyboard */ = {
			isa = PBXGroup;
			children = (
				B2B482011A17AA7100BFFCB2 /* NavBar */,
				B2B481F41A179FE300BFFCB2 /* Resources */,
				B2795BEC1A10B29500B7088D /* SWRevealViewController */,
				B2D5FE3A1A01DA51004FEEE5 /* AppDelegate.swift */,
				B2D5FE3C1A01DA51004FEEE5 /* ViewController.swift */,
				B2D5FE411A01DA51004FEEE5 /* Images.xcassets */,
				B2D5FE431A01DA51004FEEE5 /* LaunchScreen.xib */,
				B2D5FE381A01DA51004FEEE5 /* Supporting Files */,
				B2795BF01A10B41000B7088D /* iphone.storyboard */,
				B2795BF21A10B41A00B7088D /* ipad.storyboard */,
				B2A7C5C51A10C90B0003C808 /* MainViewController.swift */,
				B2B9B6E71A179D5600A15B19 /* Settings-Bridging-Header.h */,
				B2B482091A1814F600BFFCB2 /* SideMenuTableViewController.swift */,
				B2B4820B1A181FC900BFFCB2 /* InstallationViewController.swift */,
				B2B4820D1A1826F100BFFCB2 /* FontsTableViewController.swift */,
			);
			path = "Cool Keyboard";
			sourceTree = "<group>";
		};
		B2D5FE381A01DA51004FEEE5 /* Supporting Files */ = {
			isa = PBXGroup;
			children = (
				B2D5FE391A01DA51004FEEE5 /* Info.plist */,
			);
			name = "Supporting Files";
			sourceTree = "<group>";
		};
		B2D5FE4D1A01DA51004FEEE5 /* Cool KeyboardTests */ = {
			isa = PBXGroup;
			children = (
				B2D5FE501A01DA51004FEEE5 /* Cool_KeyboardTests.swift */,
				B2D5FE4E1A01DA51004FEEE5 /* Supporting Files */,
			);
			path = "Cool KeyboardTests";
			sourceTree = "<group>";
		};
		B2D5FE4E1A01DA51004FEEE5 /* Supporting Files */ = {
			isa = PBXGroup;
			children = (
				B2D5FE4F1A01DA51004FEEE5 /* Info.plist */,
			);
			name = "Supporting Files";
			sourceTree = "<group>";
		};
		B2D5FE5F1A01DA5D004FEEE5 /* Keyboard */ = {
			isa = PBXGroup;
			children = (
				B208FCA91A02C7DC005EBA3C /* bootstrap */,
				B208FC911A01E613005EBA3C /* Resources */,
				B2D5FE621A01DA5D004FEEE5 /* KeyboardViewController.swift */,
				B2941ABC1A06DA7000356174 /* Fonts.swift */,
				B2D5FE601A01DA5D004FEEE5 /* Supporting Files */,
			);
			path = Keyboard;
			sourceTree = "<group>";
		};
		B2D5FE601A01DA5D004FEEE5 /* Supporting Files */ = {
			isa = PBXGroup;
			children = (
				B2D5FE611A01DA5D004FEEE5 /* Info.plist */,
			);
			name = "Supporting Files";
			sourceTree = "<group>";
		};
/* End PBXGroup section */

/* Begin PBXNativeTarget section */
		B2D5FE341A01DA51004FEEE5 /* Cool Keyboard */ = {
			isa = PBXNativeTarget;
			buildConfigurationList = B2D5FE541A01DA51004FEEE5 /* Build configuration list for PBXNativeTarget "Cool Keyboard" */;
			buildPhases = (
				B2D5FE311A01DA51004FEEE5 /* Sources */,
				B2D5FE321A01DA51004FEEE5 /* Frameworks */,
				B2D5FE331A01DA51004FEEE5 /* Resources */,
				B2D5FE6A1A01DA5D004FEEE5 /* Embed App Extensions */,
			);
			buildRules = (
			);
			dependencies = (
				B2D5FE651A01DA5D004FEEE5 /* PBXTargetDependency */,
			);
			name = "Cool Keyboard";
			productName = "Cool Keyboard";
			productReference = B2D5FE351A01DA51004FEEE5 /* Cool Keyboard.app */;
			productType = "com.apple.product-type.application";
		};
		B2D5FE491A01DA51004FEEE5 /* Cool KeyboardTests */ = {
			isa = PBXNativeTarget;
			buildConfigurationList = B2D5FE571A01DA51004FEEE5 /* Build configuration list for PBXNativeTarget "Cool KeyboardTests" */;
			buildPhases = (
				B2D5FE461A01DA51004FEEE5 /* Sources */,
				B2D5FE471A01DA51004FEEE5 /* Frameworks */,
				B2D5FE481A01DA51004FEEE5 /* Resources */,
			);
			buildRules = (
			);
			dependencies = (
				B2D5FE4C1A01DA51004FEEE5 /* PBXTargetDependency */,
			);
			name = "Cool KeyboardTests";
			productName = "Cool KeyboardTests";
			productReference = B2D5FE4A1A01DA51004FEEE5 /* Cool KeyboardTests.xctest */;
			productType = "com.apple.product-type.bundle.unit-test";
		};
		B2D5FE5D1A01DA5D004FEEE5 /* Keyboard */ = {
			isa = PBXNativeTarget;
			buildConfigurationList = B2D5FE671A01DA5D004FEEE5 /* Build configuration list for PBXNativeTarget "Keyboard" */;
			buildPhases = (
				B2D5FE5A1A01DA5D004FEEE5 /* Sources */,
				B2D5FE5B1A01DA5D004FEEE5 /* Frameworks */,
				B2D5FE5C1A01DA5D004FEEE5 /* Resources */,
			);
			buildRules = (
			);
			dependencies = (
			);
			name = Keyboard;
			productName = Keyboard;
			productReference = B2D5FE5E1A01DA5D004FEEE5 /* Keyboard.appex */;
			productType = "com.apple.product-type.app-extension";
		};
/* End PBXNativeTarget section */

/* Begin PBXProject section */
		B2D5FE2D1A01DA51004FEEE5 /* Project object */ = {
			isa = PBXProject;
			attributes = {
				LastUpgradeCheck = 0610;
				ORGANIZATIONNAME = "Igor Tarasenko";
				TargetAttributes = {
					B2D5FE341A01DA51004FEEE5 = {
						CreatedOnToolsVersion = 6.1;
						DevelopmentTeam = 8A76N862C8;
					};
					B2D5FE491A01DA51004FEEE5 = {
						CreatedOnToolsVersion = 6.1;
						TestTargetID = B2D5FE341A01DA51004FEEE5;
					};
					B2D5FE5D1A01DA5D004FEEE5 = {
						CreatedOnToolsVersion = 6.1;
						DevelopmentTeam = 8A76N862C8;
					};
				};
			};
			buildConfigurationList = B2D5FE301A01DA51004FEEE5 /* Build configuration list for PBXProject "Cool Keyboard" */;
			compatibilityVersion = "Xcode 3.2";
			developmentRegion = English;
			hasScannedForEncodings = 0;
			knownRegions = (
				en,
				Base,
			);
			mainGroup = B2D5FE2C1A01DA51004FEEE5;
			productRefGroup = B2D5FE361A01DA51004FEEE5 /* Products */;
			projectDirPath = "";
			projectRoot = "";
			targets = (
				B2D5FE341A01DA51004FEEE5 /* Cool Keyboard */,
				B2D5FE491A01DA51004FEEE5 /* Cool KeyboardTests */,
				B2D5FE5D1A01DA5D004FEEE5 /* Keyboard */,
			);
		};
/* End PBXProject section */

/* Begin PBXResourcesBuildPhase section */
		B2D5FE331A01DA51004FEEE5 /* Resources */ = {
			isa = PBXResourcesBuildPhase;
			buildActionMask = 2147483647;
			files = (
				B2B482081A180FD800BFFCB2 /* Roboto-Medium.ttf in Resources */,
				B2B482001A17A60300BFFCB2 /* ic_menu_black_24dp.png in Resources */,
				B2B482061A180EF100BFFCB2 /* Roboto-Regular.ttf in Resources */,
				B2D5FE451A01DA51004FEEE5 /* LaunchScreen.xib in Resources */,
				B2D5FE421A01DA51004FEEE5 /* Images.xcassets in Resources */,
				B2B481FE1A17A5F400BFFCB2 /* ic_menu_black_24dp@2x.png in Resources */,
				B2795BF31A10B41A00B7088D /* ipad.storyboard in Resources */,
				B2795BF11A10B41000B7088D /* iphone.storyboard in Resources */,
			);
			runOnlyForDeploymentPostprocessing = 0;
		};
		B2D5FE481A01DA51004FEEE5 /* Resources */ = {
			isa = PBXResourcesBuildPhase;
			buildActionMask = 2147483647;
			files = (
			);
			runOnlyForDeploymentPostprocessing = 0;
		};
		B2D5FE5C1A01DA5D004FEEE5 /* Resources */ = {
			isa = PBXResourcesBuildPhase;
			buildActionMask = 2147483647;
			files = (
				B208FCB91A02C935005EBA3C /* FontAwesome.ttf in Resources */,
			);
			runOnlyForDeploymentPostprocessing = 0;
		};
/* End PBXResourcesBuildPhase section */

/* Begin PBXSourcesBuildPhase section */
		B2D5FE311A01DA51004FEEE5 /* Sources */ = {
			isa = PBXSourcesBuildPhase;
			buildActionMask = 2147483647;
			files = (
				B29A77E71A1829C100812EE7 /* Fonts.swift in Sources */,
				B2B4820C1A181FC900BFFCB2 /* InstallationViewController.swift in Sources */,
				B2D5FE3D1A01DA51004FEEE5 /* ViewController.swift in Sources */,
				B2B4820E1A1826F100BFFCB2 /* FontsTableViewController.swift in Sources */,
				B2B4820A1A1814F600BFFCB2 /* SideMenuTableViewController.swift in Sources */,
				B2D5FE3B1A01DA51004FEEE5 /* AppDelegate.swift in Sources */,
				B2B482041A17AA7B00BFFCB2 /* CustomNavigationBar.m in Sources */,
				B2795BEF1A10B29500B7088D /* SWRevealViewController.m in Sources */,
				B2A7C5C61A10C90B0003C808 /* MainViewController.swift in Sources */,
			);
			runOnlyForDeploymentPostprocessing = 0;
		};
		B2D5FE461A01DA51004FEEE5 /* Sources */ = {
			isa = PBXSourcesBuildPhase;
			buildActionMask = 2147483647;
			files = (
				B2D5FE511A01DA51004FEEE5 /* Cool_KeyboardTests.swift in Sources */,
			);
			runOnlyForDeploymentPostprocessing = 0;
		};
		B2D5FE5A1A01DA5D004FEEE5 /* Sources */ = {
			isa = PBXSourcesBuildPhase;
			buildActionMask = 2147483647;
			files = (
				B2941ABD1A06DA7000356174 /* Fonts.swift in Sources */,
				B208FCB01A02C7FD005EBA3C /* UIButton+Bootstrap.m in Sources */,
				B2D5FE631A01DA5D004FEEE5 /* KeyboardViewController.swift in Sources */,
				B208FCBA1A02C935005EBA3C /* NSString+FontAwesome.m in Sources */,
			);
			runOnlyForDeploymentPostprocessing = 0;
		};
/* End PBXSourcesBuildPhase section */

/* Begin PBXTargetDependency section */
		B2D5FE4C1A01DA51004FEEE5 /* PBXTargetDependency */ = {
			isa = PBXTargetDependency;
			target = B2D5FE341A01DA51004FEEE5 /* Cool Keyboard */;
			targetProxy = B2D5FE4B1A01DA51004FEEE5 /* PBXContainerItemProxy */;
		};
		B2D5FE651A01DA5D004FEEE5 /* PBXTargetDependency */ = {
			isa = PBXTargetDependency;
			target = B2D5FE5D1A01DA5D004FEEE5 /* Keyboard */;
			targetProxy = B2D5FE641A01DA5D004FEEE5 /* PBXContainerItemProxy */;
		};
/* End PBXTargetDependency section */

/* Begin PBXVariantGroup section */
		B2D5FE431A01DA51004FEEE5 /* LaunchScreen.xib */ = {
			isa = PBXVariantGroup;
			children = (
				B2D5FE441A01DA51004FEEE5 /* Base */,
			);
			name = LaunchScreen.xib;
			sourceTree = "<group>";
		};
/* End PBXVariantGroup section */

/* Begin XCBuildConfiguration section */
		B2D5FE521A01DA51004FEEE5 /* Debug */ = {
			isa = XCBuildConfiguration;
			buildSettings = {
				ALWAYS_SEARCH_USER_PATHS = NO;
				CLANG_CXX_LANGUAGE_STANDARD = "gnu++0x";
				CLANG_CXX_LIBRARY = "libc++";
				CLANG_ENABLE_MODULES = YES;
				CLANG_ENABLE_OBJC_ARC = YES;
				CLANG_WARN_BOOL_CONVERSION = YES;
				CLANG_WARN_CONSTANT_CONVERSION = YES;
				CLANG_WARN_DIRECT_OBJC_ISA_USAGE = YES_ERROR;
				CLANG_WARN_EMPTY_BODY = YES;
				CLANG_WARN_ENUM_CONVERSION = YES;
				CLANG_WARN_INT_CONVERSION = YES;
				CLANG_WARN_OBJC_ROOT_CLASS = YES_ERROR;
				CLANG_WARN_UNREACHABLE_CODE = YES;
				CLANG_WARN__DUPLICATE_METHOD_MATCH = YES;
				CODE_SIGN_IDENTITY = "iPhone Distribution: Igor Tarasenko (8A76N862C8)";
				"CODE_SIGN_IDENTITY[sdk=iphoneos*]" = "iPhone Distribution: Igor Tarasenko (8A76N862C8)";
				COPY_PHASE_STRIP = NO;
				ENABLE_STRICT_OBJC_MSGSEND = YES;
				GCC_C_LANGUAGE_STANDARD = gnu99;
				GCC_DYNAMIC_NO_PIC = NO;
				GCC_OPTIMIZATION_LEVEL = 0;
				GCC_PREPROCESSOR_DEFINITIONS = (
					"DEBUG=1",
					"$(inherited)",
				);
				GCC_SYMBOLS_PRIVATE_EXTERN = NO;
				GCC_WARN_64_TO_32_BIT_CONVERSION = YES;
				GCC_WARN_ABOUT_RETURN_TYPE = YES_ERROR;
				GCC_WARN_UNDECLARED_SELECTOR = YES;
				GCC_WARN_UNINITIALIZED_AUTOS = YES_AGGRESSIVE;
				GCC_WARN_UNUSED_FUNCTION = YES;
				GCC_WARN_UNUSED_VARIABLE = YES;
				IPHONEOS_DEPLOYMENT_TARGET = 8.0;
				MTL_ENABLE_DEBUG_INFO = YES;
				ONLY_ACTIVE_ARCH = YES;
				PROVISIONING_PROFILE = "1d538de1-236a-48ad-af2d-876e7bc56804";
				SDKROOT = iphoneos;
				SWIFT_OPTIMIZATION_LEVEL = "-Onone";
				TARGETED_DEVICE_FAMILY = "1,2";
			};
			name = Debug;
		};
		B2D5FE531A01DA51004FEEE5 /* Release */ = {
			isa = XCBuildConfiguration;
			buildSettings = {
				ALWAYS_SEARCH_USER_PATHS = NO;
				CLANG_CXX_LANGUAGE_STANDARD = "gnu++0x";
				CLANG_CXX_LIBRARY = "libc++";
				CLANG_ENABLE_MODULES = YES;
				CLANG_ENABLE_OBJC_ARC = YES;
				CLANG_WARN_BOOL_CONVERSION = YES;
				CLANG_WARN_CONSTANT_CONVERSION = YES;
				CLANG_WARN_DIRECT_OBJC_ISA_USAGE = YES_ERROR;
				CLANG_WARN_EMPTY_BODY = YES;
				CLANG_WARN_ENUM_CONVERSION = YES;
				CLANG_WARN_INT_CONVERSION = YES;
				CLANG_WARN_OBJC_ROOT_CLASS = YES_ERROR;
				CLANG_WARN_UNREACHABLE_CODE = YES;
				CLANG_WARN__DUPLICATE_METHOD_MATCH = YES;
				CODE_SIGN_IDENTITY = "iPhone Distribution: Igor Tarasenko (8A76N862C8)";
				"CODE_SIGN_IDENTITY[sdk=iphoneos*]" = "iPhone Distribution: Igor Tarasenko (8A76N862C8)";
				COPY_PHASE_STRIP = YES;
				ENABLE_NS_ASSERTIONS = NO;
				ENABLE_STRICT_OBJC_MSGSEND = YES;
				GCC_C_LANGUAGE_STANDARD = gnu99;
				GCC_WARN_64_TO_32_BIT_CONVERSION = YES;
				GCC_WARN_ABOUT_RETURN_TYPE = YES_ERROR;
				GCC_WARN_UNDECLARED_SELECTOR = YES;
				GCC_WARN_UNINITIALIZED_AUTOS = YES_AGGRESSIVE;
				GCC_WARN_UNUSED_FUNCTION = YES;
				GCC_WARN_UNUSED_VARIABLE = YES;
				IPHONEOS_DEPLOYMENT_TARGET = 8.0;
				MTL_ENABLE_DEBUG_INFO = NO;
				PROVISIONING_PROFILE = "1d538de1-236a-48ad-af2d-876e7bc56804";
				SDKROOT = iphoneos;
				TARGETED_DEVICE_FAMILY = "1,2";
				VALIDATE_PRODUCT = YES;
			};
			name = Release;
		};
		B2D5FE551A01DA51004FEEE5 /* Debug */ = {
			isa = XCBuildConfiguration;
			buildSettings = {
				ASSETCATALOG_COMPILER_APPICON_NAME = AppIcon;
				CODE_SIGN_IDENTITY = "iPhone Distribution: Igor Tarasenko (8A76N862C8)";
				"CODE_SIGN_IDENTITY[sdk=iphoneos*]" = "iPhone Distribution: Igor Tarasenko (8A76N862C8)";
				EMBEDDED_CONTENT_CONTAINS_SWIFT = YES;
				INFOPLIST_FILE = "Cool Keyboard/Info.plist";
				LD_RUNPATH_SEARCH_PATHS = "$(inherited) @executable_path/Frameworks";
				PRODUCT_NAME = "$(TARGET_NAME)";
				PROVISIONING_PROFILE = "1d538de1-236a-48ad-af2d-876e7bc56804";
				SWIFT_OBJC_BRIDGING_HEADER = "Cool Keyboard/Settings-Bridging-Header.h";
			};
			name = Debug;
		};
		B2D5FE561A01DA51004FEEE5 /* Release */ = {
			isa = XCBuildConfiguration;
			buildSettings = {
				ASSETCATALOG_COMPILER_APPICON_NAME = AppIcon;
				CODE_SIGN_IDENTITY = "iPhone Distribution: Igor Tarasenko (8A76N862C8)";
				"CODE_SIGN_IDENTITY[sdk=iphoneos*]" = "iPhone Distribution: Igor Tarasenko (8A76N862C8)";
				EMBEDDED_CONTENT_CONTAINS_SWIFT = YES;
				INFOPLIST_FILE = "Cool Keyboard/Info.plist";
				LD_RUNPATH_SEARCH_PATHS = "$(inherited) @executable_path/Frameworks";
				PRODUCT_NAME = "$(TARGET_NAME)";
				PROVISIONING_PROFILE = "1d538de1-236a-48ad-af2d-876e7bc56804";
				SWIFT_OBJC_BRIDGING_HEADER = "Cool Keyboard/Settings-Bridging-Header.h";
			};
			name = Release;
		};
		B2D5FE581A01DA51004FEEE5 /* Debug */ = {
			isa = XCBuildConfiguration;
			buildSettings = {
				BUNDLE_LOADER = "$(TEST_HOST)";
				FRAMEWORK_SEARCH_PATHS = (
					"$(SDKROOT)/Developer/Library/Frameworks",
					"$(inherited)",
				);
				GCC_PREPROCESSOR_DEFINITIONS = (
					"DEBUG=1",
					"$(inherited)",
				);
				INFOPLIST_FILE = "Cool KeyboardTests/Info.plist";
				LD_RUNPATH_SEARCH_PATHS = "$(inherited) @executable_path/Frameworks @loader_path/Frameworks";
				PRODUCT_NAME = "$(TARGET_NAME)";
				TEST_HOST = "$(BUILT_PRODUCTS_DIR)/Cool Keyboard.app/Cool Keyboard";
			};
			name = Debug;
		};
		B2D5FE591A01DA51004FEEE5 /* Release */ = {
			isa = XCBuildConfiguration;
			buildSettings = {
				BUNDLE_LOADER = "$(TEST_HOST)";
				FRAMEWORK_SEARCH_PATHS = (
					"$(SDKROOT)/Developer/Library/Frameworks",
					"$(inherited)",
				);
				INFOPLIST_FILE = "Cool KeyboardTests/Info.plist";
				LD_RUNPATH_SEARCH_PATHS = "$(inherited) @executable_path/Frameworks @loader_path/Frameworks";
				PRODUCT_NAME = "$(TARGET_NAME)";
				TEST_HOST = "$(BUILT_PRODUCTS_DIR)/Cool Keyboard.app/Cool Keyboard";
			};
			name = Release;
		};
		B2D5FE681A01DA5D004FEEE5 /* Debug */ = {
			isa = XCBuildConfiguration;
			buildSettings = {
				CLANG_ENABLE_MODULES = YES;
				CODE_SIGN_IDENTITY = "iPhone Distribution: Igor Tarasenko (8A76N862C8)";
				"CODE_SIGN_IDENTITY[sdk=iphoneos*]" = "iPhone Distribution: Igor Tarasenko (8A76N862C8)";
				GCC_PREPROCESSOR_DEFINITIONS = (
					"DEBUG=1",
					"$(inherited)",
				);
				INFOPLIST_FILE = Keyboard/Info.plist;
				LD_RUNPATH_SEARCH_PATHS = "$(inherited) @executable_path/Frameworks @executable_path/../../Frameworks";
				PRODUCT_NAME = "$(TARGET_NAME)";
				PROVISIONING_PROFILE = "1a0566cc-5d3e-4a88-b9fe-0bf9392714d3";
				SKIP_INSTALL = YES;
				SWIFT_OBJC_BRIDGING_HEADER = "Keyboard/Keyboard-Bridging-Header.h";
				SWIFT_OPTIMIZATION_LEVEL = "-Onone";
			};
			name = Debug;
		};
		B2D5FE691A01DA5D004FEEE5 /* Release */ = {
			isa = XCBuildConfiguration;
			buildSettings = {
				CLANG_ENABLE_MODULES = YES;
				CODE_SIGN_IDENTITY = "iPhone Distribution: Igor Tarasenko (8A76N862C8)";
				"CODE_SIGN_IDENTITY[sdk=iphoneos*]" = "iPhone Distribution: Igor Tarasenko (8A76N862C8)";
				INFOPLIST_FILE = Keyboard/Info.plist;
				LD_RUNPATH_SEARCH_PATHS = "$(inherited) @executable_path/Frameworks @executable_path/../../Frameworks";
				PRODUCT_NAME = "$(TARGET_NAME)";
				PROVISIONING_PROFILE = "1a0566cc-5d3e-4a88-b9fe-0bf9392714d3";
				SKIP_INSTALL = YES;
				SWIFT_OBJC_BRIDGING_HEADER = "Keyboard/Keyboard-Bridging-Header.h";
			};
			name = Release;
		};
/* End XCBuildConfiguration section */

/* Begin XCConfigurationList section */
		B2D5FE301A01DA51004FEEE5 /* Build configuration list for PBXProject "Cool Keyboard" */ = {
			isa = XCConfigurationList;
			buildConfigurations = (
				B2D5FE521A01DA51004FEEE5 /* Debug */,
				B2D5FE531A01DA51004FEEE5 /* Release */,
			);
			defaultConfigurationIsVisible = 0;
			defaultConfigurationName = Release;
		};
		B2D5FE541A01DA51004FEEE5 /* Build configuration list for PBXNativeTarget "Cool Keyboard" */ = {
			isa = XCConfigurationList;
			buildConfigurations = (
				B2D5FE551A01DA51004FEEE5 /* Debug */,
				B2D5FE561A01DA51004FEEE5 /* Release */,
			);
			defaultConfigurationIsVisible = 0;
			defaultConfigurationName = Release;
		};
		B2D5FE571A01DA51004FEEE5 /* Build configuration list for PBXNativeTarget "Cool KeyboardTests" */ = {
			isa = XCConfigurationList;
			buildConfigurations = (
				B2D5FE581A01DA51004FEEE5 /* Debug */,
				B2D5FE591A01DA51004FEEE5 /* Release */,
			);
			defaultConfigurationIsVisible = 0;
			defaultConfigurationName = Release;
		};
		B2D5FE671A01DA5D004FEEE5 /* Build configuration list for PBXNativeTarget "Keyboard" */ = {
			isa = XCConfigurationList;
			buildConfigurations = (
				B2D5FE681A01DA5D004FEEE5 /* Debug */,
				B2D5FE691A01DA5D004FEEE5 /* Release */,
			);
			defaultConfigurationIsVisible = 0;
			defaultConfigurationName = Release;
		};
/* End XCConfigurationList section */
	};
	rootObject = B2D5FE2D1A01DA51004FEEE5 /* Project object */;
}
